
Microsoft Visual Studio Solution File, Format Version 12.00
# Visual Studio 15
VisualStudioVersion = 15.0.27130.2020
MinimumVisualStudioVersion = 10.0.40219.1
Project("{8BC9CEB8-8B4A-11D0-8D11-00A0C91BC942}") = "Football", "Football.vcxproj", "{82C07DE6-9434-4991-96A2-32402B245F61}"
EndProject
Global
	GlobalSection(SolutionConfigurationPlatforms) = preSolution
		Debug|x86 = Debug|x86
		Release|x86 = Release|x86
	EndGlobalSection
	GlobalSection(ProjectConfigurationPlatforms) = postSolution
		{82C07DE6-9434-4991-96A2-32402B245F61}.Debug|x86.ActiveCfg = Debug|Win32
		{82C07DE6-9434-4991-96A2-32402B245F61}.Debug|x86.Build.0 = Debug|Win32
		{82C07DE6-9434-4991-96A2-32402B245F61}.Release|x86.ActiveCfg = Release|Win32
		{82C07DE6-9434-4991-96A2-32402B245F61}.Release|x86.Build.0 = Release|Win32
	EndGlobalSection
	GlobalSection(SolutionProperties) = preSolution
		HideSolutionNode = FALSE
	EndGlobalSection
	GlobalSection(ExtensibilityGlobals) = postSolution
		SolutionGuid = {82DA0D0F-259C-41AB-BAD2-E3991F3D9BFF}
	EndGlobalSection
EndGlobal
